
Microsoft Visual Studio Solution File, Format Version 12.00
Project("{FAE04EC0-301F-11D3-BF4B-00C04F79EFBC}") = "LAB1", "LAB1\LAB1.csproj", "{45B5225D-7976-4E48-AA0B-D3CF30D39A1B}"
EndProject
Project("{FAE04EC0-301F-11D3-BF4B-00C04F79EFBC}") = "LAB2", "LAB2\LAB2.csproj", "{10F103AF-0CDB-44AE-9C1E-8B326622EF5D}"
EndProject
Project("{FAE04EC0-301F-11D3-BF4B-00C04F79EFBC}") = "LAB3", "LAB3\LAB3.csproj", "{BEFE9E4A-4714-4AE1-A9DA-64276CABABFF}"
EndProject
Project("{FAE04EC0-301F-11D3-BF4B-00C04F79EFBC}") = "LAB4", "LAB4\LAB4.csproj", "{97F5B2C0-E292-40FF-94DD-F961B4AB39DF}"
EndProject
Project("{FAE04EC0-301F-11D3-BF4B-00C04F79EFBC}") = "LAB4_LIB", "LAB4_LIB\LAB4_LIB.csproj", "{7EC14BEA-A70F-4EAE-A129-98EB94C930C8}"
EndProject
Project("{FAE04EC0-301F-11D3-BF4B-00C04F79EFBC}") = "LAB5", "LAB5\LAB5.csproj", "{C1BBB809-E588-4949-9E3C-C701C4CC188B}"
EndProject
Project("{FAE04EC0-301F-11D3-BF4B-00C04F79EFBC}") = "LAB5_LIB", "LAB5_LIB\LAB5_LIB.csproj", "{96DEEFBB-AB2E-4FD1-BBF3-84195EFD8DCA}"
EndProject
Global
	GlobalSection(SolutionConfigurationPlatforms) = preSolution
		Debug|Any CPU = Debug|Any CPU
		Release|Any CPU = Release|Any CPU
	EndGlobalSection
	GlobalSection(ProjectConfigurationPlatforms) = postSolution
		{45B5225D-7976-4E48-AA0B-D3CF30D39A1B}.Debug|Any CPU.ActiveCfg = Debug|Any CPU
		{45B5225D-7976-4E48-AA0B-D3CF30D39A1B}.Debug|Any CPU.Build.0 = Debug|Any CPU
		{45B5225D-7976-4E48-AA0B-D3CF30D39A1B}.Release|Any CPU.ActiveCfg = Release|Any CPU
		{45B5225D-7976-4E48-AA0B-D3CF30D39A1B}.Release|Any CPU.Build.0 = Release|Any CPU
		{10F103AF-0CDB-44AE-9C1E-8B326622EF5D}.Debug|Any CPU.ActiveCfg = Debug|Any CPU
		{10F103AF-0CDB-44AE-9C1E-8B326622EF5D}.Debug|Any CPU.Build.0 = Debug|Any CPU
		{10F103AF-0CDB-44AE-9C1E-8B326622EF5D}.Release|Any CPU.ActiveCfg = Release|Any CPU
		{10F103AF-0CDB-44AE-9C1E-8B326622EF5D}.Release|Any CPU.Build.0 = Release|Any CPU
		{BEFE9E4A-4714-4AE1-A9DA-64276CABABFF}.Debug|Any CPU.ActiveCfg = Debug|Any CPU
		{BEFE9E4A-4714-4AE1-A9DA-64276CABABFF}.Debug|Any CPU.Build.0 = Debug|Any CPU
		{BEFE9E4A-4714-4AE1-A9DA-64276CABABFF}.Release|Any CPU.ActiveCfg = Release|Any CPU
		{BEFE9E4A-4714-4AE1-A9DA-64276CABABFF}.Release|Any CPU.Build.0 = Release|Any CPU
		{97F5B2C0-E292-40FF-94DD-F961B4AB39DF}.Debug|Any CPU.ActiveCfg = Debug|Any CPU
		{97F5B2C0-E292-40FF-94DD-F961B4AB39DF}.Debug|Any CPU.Build.0 = Debug|Any CPU
		{97F5B2C0-E292-40FF-94DD-F961B4AB39DF}.Release|Any CPU.ActiveCfg = Release|Any CPU
		{97F5B2C0-E292-40FF-94DD-F961B4AB39DF}.Release|Any CPU.Build.0 = Release|Any CPU
		{7EC14BEA-A70F-4EAE-A129-98EB94C930C8}.Debug|Any CPU.ActiveCfg = Debug|Any CPU
		{7EC14BEA-A70F-4EAE-A129-98EB94C930C8}.Debug|Any CPU.Build.0 = Debug|Any CPU
		{7EC14BEA-A70F-4EAE-A129-98EB94C930C8}.Release|Any CPU.ActiveCfg = Release|Any CPU
		{7EC14BEA-A70F-4EAE-A129-98EB94C930C8}.Release|Any CPU.Build.0 = Release|Any CPU
		{C1BBB809-E588-4949-9E3C-C701C4CC188B}.Debug|Any CPU.ActiveCfg = Debug|Any CPU
		{C1BBB809-E588-4949-9E3C-C701C4CC188B}.Debug|Any CPU.Build.0 = Debug|Any CPU
		{C1BBB809-E588-4949-9E3C-C701C4CC188B}.Release|Any CPU.ActiveCfg = Release|Any CPU
		{C1BBB809-E588-4949-9E3C-C701C4CC188B}.Release|Any CPU.Build.0 = Release|Any CPU
		{96DEEFBB-AB2E-4FD1-BBF3-84195EFD8DCA}.Debug|Any CPU.ActiveCfg = Debug|Any CPU
		{96DEEFBB-AB2E-4FD1-BBF3-84195EFD8DCA}.Debug|Any CPU.Build.0 = Debug|Any CPU
		{96DEEFBB-AB2E-4FD1-BBF3-84195EFD8DCA}.Release|Any CPU.ActiveCfg = Release|Any CPU
		{96DEEFBB-AB2E-4FD1-BBF3-84195EFD8DCA}.Release|Any CPU.Build.0 = Release|Any CPU
	EndGlobalSection
EndGlobal
